{
  "name": "example",
  "lockfileVersion": 2,
  "requires": true,
  "packages": {
    "": {
      "dependencies": {
        "node-windows": "^1.0.0-beta.6"
      }
    },
    "node_modules/minimist": {
      "version": "0.0.10",
      "resolved": "https://registry.npmjs.org/minimist/-/minimist-0.0.10.tgz",
      "integrity": "sha1-3j+YVD2/lggr5IrRoMfNqDYwHc8="
    },
    "node_modules/node-windows": {
      "version": "1.0.0-beta.6",
      "resolved": "https://registry.npmjs.org/node-windows/-/node-windows-1.0.0-beta.6.tgz",
      "integrity": "sha512-Ehig70tF9A9Wns4VMpnsvT7dyat/d2fio6C4g1RAEaAi+piAjN6Wc+/fdSOifl8YCCncVllijv5Q9wdyHvdgeA==",
      "dependencies": {
        "optimist": "~0.6.0",
        "xml": "0.0.12"
      }
    },
    "node_modules/optimist": {
      "version": "0.6.1",
      "resolved": "https://registry.npmjs.org/optimist/-/optimist-0.6.1.tgz",
      "integrity": "sha1-2j6nRob6IaGaERwybpDrFaAZZoY=",
      "dependencies": {
        "minimist": "~0.0.1",
        "wordwrap": "~0.0.2"
      }
    },
    "node_modules/wordwrap": {
      "version": "0.0.3",
      "resolved": "https://registry.npmjs.org/wordwrap/-/wordwrap-0.0.3.tgz",
      "integrity": "sha1-o9XabNXAvAAI03I0u68b7WMFkQc=",
      "engines": {
        "node": ">=0.4.0"
      }
    },
    "node_modules/xml": {
      "version": "0.0.12",
      "resolved": "https://registry.npmjs.org/xml/-/xml-0.0.12.tgz",
      "integrity": "sha1-8Is0cQmRK+AChXhfRvFa2OUKX2c=",
      "engines": {
        "node": ">=0.4.0"
      }
    }
  },
  "dependencies": {
    "minimist": {
      "version": "0.0.10",
      "resolved": "https://registry.npmjs.org/minimist/-/minimist-0.0.10.tgz",
      "integrity": "sha1-3j+YVD2/lggr5IrRoMfNqDYwHc8="
    },
    "node-windows": {
      "version": "1.0.0-beta.6",
      "resolved": "https://registry.npmjs.org/node-windows/-/node-windows-1.0.0-beta.6.tgz",
      "integrity": "sha512-Ehig70tF9A9Wns4VMpnsvT7dyat/d2fio6C4g1RAEaAi+piAjN6Wc+/fdSOifl8YCCncVllijv5Q9wdyHvdgeA==",
      "requires": {
        "optimist": "~0.6.0",
        "xml": "0.0.12"
      }
    },
    "optimist": {
      "version": "0.6.1",
      "resolved": "https://registry.npmjs.org/optimist/-/optimist-0.6.1.tgz",
      "integrity": "sha1-2j6nRob6IaGaERwybpDrFaAZZoY=",
      "requires": {
        "minimist": "~0.0.1",
        "wordwrap": "~0.0.2"
      }
    },
    "wordwrap": {
      "version": "0.0.3",
      "resolved": "https://registry.npmjs.org/wordwrap/-/wordwrap-0.0.3.tgz",
      "integrity": "sha1-o9XabNXAvAAI03I0u68b7WMFkQc="
    },
    "xml": {
      "version": "0.0.12",
      "resolved": "https://registry.npmjs.org/xml/-/xml-0.0.12.tgz",
      "integrity": "sha1-8Is0cQmRK+AChXhfRvFa2OUKX2c="
    }
  }
}
