{
  "name": "node-windows",
  "version": "1.0.0-beta.7",
  "lockfileVersion": 2,
  "requires": true,
  "packages": {
    "": {
      "name": "node-windows",
      "version": "1.0.0-beta.7",
      "license": "MIT",
      "dependencies": {
        "@author.io/arg": "1.3.22",
        "xml": "1.0.1"
      },
      "devDependencies": {}
    },
    "node_modules/@author.io/arg": {
      "version": "1.3.22",
      "resolved": "https://registry.npmjs.org/@author.io/arg/-/arg-1.3.22.tgz",
      "integrity": "sha512-P8Ov8N4LzVZDwvSjFu+eJVNbEqfIWcXMy7rARG1KNnII8+XSHXnR1JVJfUDgEnJNPPys1w0lV8kN4RPj9xhDHA==",
      "engines": {
        "node": ">=12.0.0"
      }
    },
    "node_modules/xml": {
      "version": "1.0.1",
      "resolved": "https://registry.npmjs.org/xml/-/xml-1.0.1.tgz",
      "integrity": "sha1-eLpyAgApxbyHuKgaPPzXS0ovweU="
    }
  },
  "dependencies": {
    "@author.io/arg": {
      "version": "1.3.22",
      "resolved": "https://registry.npmjs.org/@author.io/arg/-/arg-1.3.22.tgz",
      "integrity": "sha512-P8Ov8N4LzVZDwvSjFu+eJVNbEqfIWcXMy7rARG1KNnII8+XSHXnR1JVJfUDgEnJNPPys1w0lV8kN4RPj9xhDHA=="
    },
    "xml": {
      "version": "1.0.1",
      "resolved": "https://registry.npmjs.org/xml/-/xml-1.0.1.tgz",
      "integrity": "sha1-eLpyAgApxbyHuKgaPPzXS0ovweU="
    }
  }
}
